// !$*UTF8*$!
{
	archiveVersion = 1;
	classes = {
	};
	objectVersion = 77;
	objects = {

/* Begin PBXBuildFile section */
		8E44C9752CB2AC1D00E18A6A /* Kingfisher in Frameworks */ = {isa = PBXBuildFile; productRef = 8E44C9742CB2AC1D00E18A6A /* Kingfisher */; };
		8EF7FD442CB2841400F68934 /* CombineMoya in Frameworks */ = {isa = PBXBuildFile; productRef = 8EF7FD432CB2841400F68934 /* CombineMoya */; };
		8EF7FD462CB2841400F68934 /* Moya in Frameworks */ = {isa = PBXBuildFile; productRef = 8EF7FD452CB2841400F68934 /* Moya */; };
		8EF7FD482CB2841400F68934 /* ReactiveMoya in Frameworks */ = {isa = PBXBuildFile; productRef = 8EF7FD472CB2841400F68934 /* ReactiveMoya */; };
		8EF7FD572CB2896000F68934 /* ComposableArchitecture in Frameworks */ = {isa = PBXBuildFile; productRef = 8EF7FD562CB2896000F68934 /* ComposableArchitecture */; };
/* End PBXBuildFile section */

/* Begin PBXContainerItemProxy section */
		8EAD46062C9E8A34008D521F /* PBXContainerItemProxy */ = {
			isa = PBXContainerItemProxy;
			containerPortal = 8EAD45ED2C9E8A32008D521F /* Project object */;
			proxyType = 1;
			remoteGlobalIDString = 8EAD45F42C9E8A32008D521F;
			remoteInfo = "YSTMovie TCA";
		};
/* End PBXContainerItemProxy section */

/* Begin PBXFileReference section */
		8EAD45F52C9E8A32008D521F /* YSTMovie TCA.app */ = {isa = PBXFileReference; explicitFileType = wrapper.application; includeInIndex = 0; path = "YSTMovie TCA.app"; sourceTree = BUILT_PRODUCTS_DIR; };
		8EAD46052C9E8A34008D521F /* YSTMovie TCATests.xctest */ = {isa = PBXFileReference; explicitFileType = wrapper.cfbundle; includeInIndex = 0; path = "YSTMovie TCATests.xctest"; sourceTree = BUILT_PRODUCTS_DIR; };
/* End PBXFileReference section */

/* Begin PBXFileSystemSynchronizedRootGroup section */
		8EAD45F72C9E8A32008D521F /* YSTMovie TCA */ = {
			isa = PBXFileSystemSynchronizedRootGroup;
			path = "YSTMovie TCA";
			sourceTree = "<group>";
		};
		8EAD46082C9E8A34008D521F /* YSTMovie TCATests */ = {
			isa = PBXFileSystemSynchronizedRootGroup;
			path = "YSTMovie TCATests";
			sourceTree = "<group>";
		};
/* End PBXFileSystemSynchronizedRootGroup section */

/* Begin PBXFrameworksBuildPhase section */
		8EAD45F22C9E8A32008D521F /* Frameworks */ = {
			isa = PBXFrameworksBuildPhase;
			buildActionMask = 2147483647;
			files = (
				8EF7FD462CB2841400F68934 /* Moya in Frameworks */,
				8EF7FD442CB2841400F68934 /* CombineMoya in Frameworks */,
				8EF7FD572CB2896000F68934 /* ComposableArchitecture in Frameworks */,
				8EF7FD482CB2841400F68934 /* ReactiveMoya in Frameworks */,
				8E44C9752CB2AC1D00E18A6A /* Kingfisher in Frameworks */,
			);
			runOnlyForDeploymentPostprocessing = 0;
		};
		8EAD46022C9E8A34008D521F /* Frameworks */ = {
			isa = PBXFrameworksBuildPhase;
			buildActionMask = 2147483647;
			files = (
			);
			runOnlyForDeploymentPostprocessing = 0;
		};
/* End PBXFrameworksBuildPhase section */

/* Begin PBXGroup section */
		8EAD45EC2C9E8A32008D521F = {
			isa = PBXGroup;
			children = (
				8EAD45F72C9E8A32008D521F /* YSTMovie TCA */,
				8EAD46082C9E8A34008D521F /* YSTMovie TCATests */,
				8EAD45F62C9E8A32008D521F /* Products */,
			);
			sourceTree = "<group>";
		};
		8EAD45F62C9E8A32008D521F /* Products */ = {
			isa = PBXGroup;
			children = (
				8EAD45F52C9E8A32008D521F /* YSTMovie TCA.app */,
				8EAD46052C9E8A34008D521F /* YSTMovie TCATests.xctest */,
			);
			name = Products;
			sourceTree = "<group>";
		};
/* End PBXGroup section */

/* Begin PBXNativeTarget section */
		8EAD45F42C9E8A32008D521F /* YSTMovie TCA */ = {
			isa = PBXNativeTarget;
			buildConfigurationList = 8EAD46192C9E8A34008D521F /* Build configuration list for PBXNativeTarget "YSTMovie TCA" */;
			buildPhases = (
				8EAD45F12C9E8A32008D521F /* Sources */,
				8EAD45F22C9E8A32008D521F /* Frameworks */,
				8EAD45F32C9E8A32008D521F /* Resources */,
			);
			buildRules = (
			);
			dependencies = (
			);
			fileSystemSynchronizedGroups = (
				8EAD45F72C9E8A32008D521F /* YSTMovie TCA */,
			);
			name = "YSTMovie TCA";
			packageProductDependencies = (
				8EF7FD432CB2841400F68934 /* CombineMoya */,
				8EF7FD452CB2841400F68934 /* Moya */,
				8EF7FD472CB2841400F68934 /* ReactiveMoya */,
				8EF7FD562CB2896000F68934 /* ComposableArchitecture */,
				8E44C9742CB2AC1D00E18A6A /* Kingfisher */,
			);
			productName = "YSTMovie TCA";
			productReference = 8EAD45F52C9E8A32008D521F /* YSTMovie TCA.app */;
			productType = "com.apple.product-type.application";
		};
		8EAD46042C9E8A34008D521F /* YSTMovie TCATests */ = {
			isa = PBXNativeTarget;
			buildConfigurationList = 8EAD461C2C9E8A34008D521F /* Build configuration list for PBXNativeTarget "YSTMovie TCATests" */;
			buildPhases = (
				8EAD46012C9E8A34008D521F /* Sources */,
				8EAD46022C9E8A34008D521F /* Frameworks */,
				8EAD46032C9E8A34008D521F /* Resources */,
			);
			buildRules = (
			);
			dependencies = (
				8EAD46072C9E8A34008D521F /* PBXTargetDependency */,
			);
			fileSystemSynchronizedGroups = (
				8EAD46082C9E8A34008D521F /* YSTMovie TCATests */,
			);
			name = "YSTMovie TCATests";
			packageProductDependencies = (
			);
			productName = "YSTMovie TCATests";
			productReference = 8EAD46052C9E8A34008D521F /* YSTMovie TCATests.xctest */;
			productType = "com.apple.product-type.bundle.unit-test";
		};
/* End PBXNativeTarget section */

/* Begin PBXProject section */
		8EAD45ED2C9E8A32008D521F /* Project object */ = {
			isa = PBXProject;
			attributes = {
				BuildIndependentTargetsInParallel = 1;
				LastSwiftUpdateCheck = 1600;
				LastUpgradeCheck = 1600;
				TargetAttributes = {
					8EAD45F42C9E8A32008D521F = {
						CreatedOnToolsVersion = 16.0;
					};
					8EAD46042C9E8A34008D521F = {
						CreatedOnToolsVersion = 16.0;
						TestTargetID = 8EAD45F42C9E8A32008D521F;
					};
				};
			};
			buildConfigurationList = 8EAD45F02C9E8A32008D521F /* Build configuration list for PBXProject "YSTMovie TCA" */;
			developmentRegion = en;
			hasScannedForEncodings = 0;
			knownRegions = (
				en,
				Base,
			);
			mainGroup = 8EAD45EC2C9E8A32008D521F;
			minimizedProjectReferenceProxies = 1;
			packageReferences = (
				8EF7FD422CB2841400F68934 /* XCRemoteSwiftPackageReference "Moya" */,
				8EF7FD552CB2896000F68934 /* XCRemoteSwiftPackageReference "swift-composable-architecture" */,
				8E44C9732CB2AC1D00E18A6A /* XCRemoteSwiftPackageReference "Kingfisher" */,
			);
			preferredProjectObjectVersion = 77;
			productRefGroup = 8EAD45F62C9E8A32008D521F /* Products */;
			projectDirPath = "";
			projectRoot = "";
			targets = (
				8EAD45F42C9E8A32008D521F /* YSTMovie TCA */,
				8EAD46042C9E8A34008D521F /* YSTMovie TCATests */,
			);
		};
/* End PBXProject section */

/* Begin PBXResourcesBuildPhase section */
		8EAD45F32C9E8A32008D521F /* Resources */ = {
			isa = PBXResourcesBuildPhase;
			buildActionMask = 2147483647;
			files = (
			);
			runOnlyForDeploymentPostprocessing = 0;
		};
		8EAD46032C9E8A34008D521F /* Resources */ = {
			isa = PBXResourcesBuildPhase;
			buildActionMask = 2147483647;
			files = (
			);
			runOnlyForDeploymentPostprocessing = 0;
		};
/* End PBXResourcesBuildPhase section */

/* Begin PBXSourcesBuildPhase section */
		8EAD45F12C9E8A32008D521F /* Sources */ = {
			isa = PBXSourcesBuildPhase;
			buildActionMask = 2147483647;
			files = (
			);
			runOnlyForDeploymentPostprocessing = 0;
		};
		8EAD46012C9E8A34008D521F /* Sources */ = {
			isa = PBXSourcesBuildPhase;
			buildActionMask = 2147483647;
			files = (
			);
			runOnlyForDeploymentPostprocessing = 0;
		};
/* End PBXSourcesBuildPhase section */

/* Begin PBXTargetDependency section */
		8EAD46072C9E8A34008D521F /* PBXTargetDependency */ = {
			isa = PBXTargetDependency;
			target = 8EAD45F42C9E8A32008D521F /* YSTMovie TCA */;
			targetProxy = 8EAD46062C9E8A34008D521F /* PBXContainerItemProxy */;
		};
/* End PBXTargetDependency section */

/* Begin XCBuildConfiguration section */
		8EAD46172C9E8A34008D521F /* Debug */ = {
			isa = XCBuildConfiguration;
			buildSettings = {
				ALWAYS_SEARCH_USER_PATHS = NO;
				ASSETCATALOG_COMPILER_GENERATE_SWIFT_ASSET_SYMBOL_EXTENSIONS = YES;
				CLANG_ANALYZER_NONNULL = YES;
				CLANG_ANALYZER_NUMBER_OBJECT_CONVERSION = YES_AGGRESSIVE;
				CLANG_CXX_LANGUAGE_STANDARD = "gnu++20";
				CLANG_ENABLE_MODULES = YES;
				CLANG_ENABLE_OBJC_ARC = YES;
				CLANG_ENABLE_OBJC_WEAK = YES;
				CLANG_WARN_BLOCK_CAPTURE_AUTORELEASING = YES;
				CLANG_WARN_BOOL_CONVERSION = YES;
				CLANG_WARN_COMMA = YES;
				CLANG_WARN_CONSTANT_CONVERSION = YES;
				CLANG_WARN_DEPRECATED_OBJC_IMPLEMENTATIONS = YES;
				CLANG_WARN_DIRECT_OBJC_ISA_USAGE = YES_ERROR;
				CLANG_WARN_DOCUMENTATION_COMMENTS = YES;
				CLANG_WARN_EMPTY_BODY = YES;
				CLANG_WARN_ENUM_CONVERSION = YES;
				CLANG_WARN_INFINITE_RECURSION = YES;
				CLANG_WARN_INT_CONVERSION = YES;
				CLANG_WARN_NON_LITERAL_NULL_CONVERSION = YES;
				CLANG_WARN_OBJC_IMPLICIT_RETAIN_SELF = YES;
				CLANG_WARN_OBJC_LITERAL_CONVERSION = YES;
				CLANG_WARN_OBJC_ROOT_CLASS = YES_ERROR;
				CLANG_WARN_QUOTED_INCLUDE_IN_FRAMEWORK_HEADER = YES;
				CLANG_WARN_RANGE_LOOP_ANALYSIS = YES;
				CLANG_WARN_STRICT_PROTOTYPES = YES;
				CLANG_WARN_SUSPICIOUS_MOVE = YES;
				CLANG_WARN_UNGUARDED_AVAILABILITY = YES_AGGRESSIVE;
				CLANG_WARN_UNREACHABLE_CODE = YES;
				CLANG_WARN__DUPLICATE_METHOD_MATCH = YES;
				COPY_PHASE_STRIP = NO;
				DEBUG_INFORMATION_FORMAT = dwarf;
				ENABLE_STRICT_OBJC_MSGSEND = YES;
				ENABLE_TESTABILITY = YES;
				ENABLE_USER_SCRIPT_SANDBOXING = YES;
				GCC_C_LANGUAGE_STANDARD = gnu17;
				GCC_DYNAMIC_NO_PIC = NO;
				GCC_NO_COMMON_BLOCKS = YES;
				GCC_OPTIMIZATION_LEVEL = 0;
				GCC_PREPROCESSOR_DEFINITIONS = (
					"DEBUG=1",
					"$(inherited)",
				);
				GCC_WARN_64_TO_32_BIT_CONVERSION = YES;
				GCC_WARN_ABOUT_RETURN_TYPE = YES_ERROR;
				GCC_WARN_UNDECLARED_SELECTOR = YES;
				GCC_WARN_UNINITIALIZED_AUTOS = YES_AGGRESSIVE;
				GCC_WARN_UNUSED_FUNCTION = YES;
				GCC_WARN_UNUSED_VARIABLE = YES;
				IPHONEOS_DEPLOYMENT_TARGET = 18.0;
				LOCALIZATION_PREFERS_STRING_CATALOGS = YES;
				MTL_ENABLE_DEBUG_INFO = INCLUDE_SOURCE;
				MTL_FAST_MATH = YES;
				ONLY_ACTIVE_ARCH = YES;
				SDKROOT = iphoneos;
				SWIFT_ACTIVE_COMPILATION_CONDITIONS = "DEBUG $(inherited)";
				SWIFT_OPTIMIZATION_LEVEL = "-Onone";
			};
			name = Debug;
		};
		8EAD46182C9E8A34008D521F /* Release */ = {
			isa = XCBuildConfiguration;
			buildSettings = {
				ALWAYS_SEARCH_USER_PATHS = NO;
				ASSETCATALOG_COMPILER_GENERATE_SWIFT_ASSET_SYMBOL_EXTENSIONS = YES;
				CLANG_ANALYZER_NONNULL = YES;
				CLANG_ANALYZER_NUMBER_OBJECT_CONVERSION = YES_AGGRESSIVE;
				CLANG_CXX_LANGUAGE_STANDARD = "gnu++20";
				CLANG_ENABLE_MODULES = YES;
				CLANG_ENABLE_OBJC_ARC = YES;
				CLANG_ENABLE_OBJC_WEAK = YES;
				CLANG_WARN_BLOCK_CAPTURE_AUTORELEASING = YES;
				CLANG_WARN_BOOL_CONVERSION = YES;
				CLANG_WARN_COMMA = YES;
				CLANG_WARN_CONSTANT_CONVERSION = YES;
				CLANG_WARN_DEPRECATED_OBJC_IMPLEMENTATIONS = YES;
				CLANG_WARN_DIRECT_OBJC_ISA_USAGE = YES_ERROR;
				CLANG_WARN_DOCUMENTATION_COMMENTS = YES;
				CLANG_WARN_EMPTY_BODY = YES;
				CLANG_WARN_ENUM_CONVERSION = YES;
				CLANG_WARN_INFINITE_RECURSION = YES;
				CLANG_WARN_INT_CONVERSION = YES;
				CLANG_WARN_NON_LITERAL_NULL_CONVERSION = YES;
				CLANG_WARN_OBJC_IMPLICIT_RETAIN_SELF = YES;
				CLANG_WARN_OBJC_LITERAL_CONVERSION = YES;
				CLANG_WARN_OBJC_ROOT_CLASS = YES_ERROR;
				CLANG_WARN_QUOTED_INCLUDE_IN_FRAMEWORK_HEADER = YES;
				CLANG_WARN_RANGE_LOOP_ANALYSIS = YES;
				CLANG_WARN_STRICT_PROTOTYPES = YES;
				CLANG_WARN_SUSPICIOUS_MOVE = YES;
				CLANG_WARN_UNGUARDED_AVAILABILITY = YES_AGGRESSIVE;
				CLANG_WARN_UNREACHABLE_CODE = YES;
				CLANG_WARN__DUPLICATE_METHOD_MATCH = YES;
				COPY_PHASE_STRIP = NO;
				DEBUG_INFORMATION_FORMAT = "dwarf-with-dsym";
				ENABLE_NS_ASSERTIONS = NO;
				ENABLE_STRICT_OBJC_MSGSEND = YES;
				ENABLE_USER_SCRIPT_SANDBOXING = YES;
				GCC_C_LANGUAGE_STANDARD = gnu17;
				GCC_NO_COMMON_BLOCKS = YES;
				GCC_WARN_64_TO_32_BIT_CONVERSION = YES;
				GCC_WARN_ABOUT_RETURN_TYPE = YES_ERROR;
				GCC_WARN_UNDECLARED_SELECTOR = YES;
				GCC_WARN_UNINITIALIZED_AUTOS = YES_AGGRESSIVE;
				GCC_WARN_UNUSED_FUNCTION = YES;
				GCC_WARN_UNUSED_VARIABLE = YES;
				IPHONEOS_DEPLOYMENT_TARGET = 18.0;
				LOCALIZATION_PREFERS_STRING_CATALOGS = YES;
				MTL_ENABLE_DEBUG_INFO = NO;
				MTL_FAST_MATH = YES;
				SDKROOT = iphoneos;
				SWIFT_COMPILATION_MODE = wholemodule;
				VALIDATE_PRODUCT = YES;
			};
			name = Release;
		};
		8EAD461A2C9E8A34008D521F /* Debug */ = {
			isa = XCBuildConfiguration;
			buildSettings = {
				ASSETCATALOG_COMPILER_APPICON_NAME = AppIcon;
				ASSETCATALOG_COMPILER_GLOBAL_ACCENT_COLOR_NAME = AccentColor;
				CODE_SIGN_STYLE = Automatic;
				CURRENT_PROJECT_VERSION = 1;
				DEVELOPMENT_ASSET_PATHS = "\"YSTMovie TCA/Resources/Preview Content\"";
				DEVELOPMENT_TEAM = 497P4L97SV;
				ENABLE_PREVIEWS = YES;
				GENERATE_INFOPLIST_FILE = YES;
				INFOPLIST_KEY_UIApplicationSceneManifest_Generation = YES;
				INFOPLIST_KEY_UIApplicationSupportsIndirectInputEvents = YES;
				INFOPLIST_KEY_UILaunchScreen_Generation = YES;
				INFOPLIST_KEY_UISupportedInterfaceOrientations_iPad = "UIInterfaceOrientationPortrait UIInterfaceOrientationPortraitUpsideDown UIInterfaceOrientationLandscapeLeft UIInterfaceOrientationLandscapeRight";
				INFOPLIST_KEY_UISupportedInterfaceOrientations_iPhone = "UIInterfaceOrientationPortrait UIInterfaceOrientationLandscapeLeft UIInterfaceOrientationLandscapeRight";
				LD_RUNPATH_SEARCH_PATHS = (
					"$(inherited)",
					"@executable_path/Frameworks",
				);
				MARKETING_VERSION = 1.0;
				PRODUCT_BUNDLE_IDENTIFIER = "com.wallaby.YSTMovie-TCA";
				PRODUCT_NAME = "$(TARGET_NAME)";
				SWIFT_EMIT_LOC_STRINGS = YES;
				SWIFT_VERSION = 5.0;
				TARGETED_DEVICE_FAMILY = "1,2";
			};
			name = Debug;
		};
		8EAD461B2C9E8A34008D521F /* Release */ = {
			isa = XCBuildConfiguration;
			buildSettings = {
				ASSETCATALOG_COMPILER_APPICON_NAME = AppIcon;
				ASSETCATALOG_COMPILER_GLOBAL_ACCENT_COLOR_NAME = AccentColor;
				CODE_SIGN_STYLE = Automatic;
				CURRENT_PROJECT_VERSION = 1;
				DEVELOPMENT_ASSET_PATHS = "\"YSTMovie TCA/Resources/Preview Content\"";
				DEVELOPMENT_TEAM = 497P4L97SV;
				ENABLE_PREVIEWS = YES;
				GENERATE_INFOPLIST_FILE = YES;
				INFOPLIST_KEY_UIApplicationSceneManifest_Generation = YES;
				INFOPLIST_KEY_UIApplicationSupportsIndirectInputEvents = YES;
				INFOPLIST_KEY_UILaunchScreen_Generation = YES;
				INFOPLIST_KEY_UISupportedInterfaceOrientations_iPad = "UIInterfaceOrientationPortrait UIInterfaceOrientationPortraitUpsideDown UIInterfaceOrientationLandscapeLeft UIInterfaceOrientationLandscapeRight";
				INFOPLIST_KEY_UISupportedInterfaceOrientations_iPhone = "UIInterfaceOrientationPortrait UIInterfaceOrientationLandscapeLeft UIInterfaceOrientationLandscapeRight";
				LD_RUNPATH_SEARCH_PATHS = (
					"$(inherited)",
					"@executable_path/Frameworks",
				);
				MARKETING_VERSION = 1.0;
				PRODUCT_BUNDLE_IDENTIFIER = "com.wallaby.YSTMovie-TCA";
				PRODUCT_NAME = "$(TARGET_NAME)";
				SWIFT_EMIT_LOC_STRINGS = YES;
				SWIFT_VERSION = 5.0;
				TARGETED_DEVICE_FAMILY = "1,2";
			};
			name = Release;
		};
		8EAD461D2C9E8A34008D521F /* Debug */ = {
			isa = XCBuildConfiguration;
			buildSettings = {
				BUNDLE_LOADER = "$(TEST_HOST)";
				CODE_SIGN_STYLE = Automatic;
				CURRENT_PROJECT_VERSION = 1;
				DEVELOPMENT_TEAM = 497P4L97SV;
				GENERATE_INFOPLIST_FILE = YES;
				IPHONEOS_DEPLOYMENT_TARGET = 18.0;
				MARKETING_VERSION = 1.0;
				PRODUCT_BUNDLE_IDENTIFIER = "com.wallaby.YSTMovie-TCATests";
				PRODUCT_NAME = "$(TARGET_NAME)";
				SWIFT_EMIT_LOC_STRINGS = NO;
				SWIFT_VERSION = 5.0;
				TARGETED_DEVICE_FAMILY = "1,2";
				TEST_HOST = "$(BUILT_PRODUCTS_DIR)/YSTMovie TCA.app/$(BUNDLE_EXECUTABLE_FOLDER_PATH)/YSTMovie TCA";
			};
			name = Debug;
		};
		8EAD461E2C9E8A34008D521F /* Release */ = {
			isa = XCBuildConfiguration;
			buildSettings = {
				BUNDLE_LOADER = "$(TEST_HOST)";
				CODE_SIGN_STYLE = Automatic;
				CURRENT_PROJECT_VERSION = 1;
				DEVELOPMENT_TEAM = 497P4L97SV;
				GENERATE_INFOPLIST_FILE = YES;
				IPHONEOS_DEPLOYMENT_TARGET = 18.0;
				MARKETING_VERSION = 1.0;
				PRODUCT_BUNDLE_IDENTIFIER = "com.wallaby.YSTMovie-TCATests";
				PRODUCT_NAME = "$(TARGET_NAME)";
				SWIFT_EMIT_LOC_STRINGS = NO;
				SWIFT_VERSION = 5.0;
				TARGETED_DEVICE_FAMILY = "1,2";
				TEST_HOST = "$(BUILT_PRODUCTS_DIR)/YSTMovie TCA.app/$(BUNDLE_EXECUTABLE_FOLDER_PATH)/YSTMovie TCA";
			};
			name = Release;
		};
/* End XCBuildConfiguration section */

/* Begin XCConfigurationList section */
		8EAD45F02C9E8A32008D521F /* Build configuration list for PBXProject "YSTMovie TCA" */ = {
			isa = XCConfigurationList;
			buildConfigurations = (
				8EAD46172C9E8A34008D521F /* Debug */,
				8EAD46182C9E8A34008D521F /* Release */,
			);
			defaultConfigurationIsVisible = 0;
			defaultConfigurationName = Release;
		};
		8EAD46192C9E8A34008D521F /* Build configuration list for PBXNativeTarget "YSTMovie TCA" */ = {
			isa = XCConfigurationList;
			buildConfigurations = (
				8EAD461A2C9E8A34008D521F /* Debug */,
				8EAD461B2C9E8A34008D521F /* Release */,
			);
			defaultConfigurationIsVisible = 0;
			defaultConfigurationName = Release;
		};
		8EAD461C2C9E8A34008D521F /* Build configuration list for PBXNativeTarget "YSTMovie TCATests" */ = {
			isa = XCConfigurationList;
			buildConfigurations = (
				8EAD461D2C9E8A34008D521F /* Debug */,
				8EAD461E2C9E8A34008D521F /* Release */,
			);
			defaultConfigurationIsVisible = 0;
			defaultConfigurationName = Release;
		};
/* End XCConfigurationList section */

/* Begin XCRemoteSwiftPackageReference section */
		8E44C9732CB2AC1D00E18A6A /* XCRemoteSwiftPackageReference "Kingfisher" */ = {
			isa = XCRemoteSwiftPackageReference;
			repositoryURL = "https://github.com/onevcat/Kingfisher.git";
			requirement = {
				kind = upToNextMajorVersion;
				minimumVersion = 8.0.3;
			};
		};
		8EF7FD422CB2841400F68934 /* XCRemoteSwiftPackageReference "Moya" */ = {
			isa = XCRemoteSwiftPackageReference;
			repositoryURL = "https://github.com/Moya/Moya.git";
			requirement = {
				kind = exactVersion;
				version = 15.0.3;
			};
		};
		8EF7FD552CB2896000F68934 /* XCRemoteSwiftPackageReference "swift-composable-architecture" */ = {
			isa = XCRemoteSwiftPackageReference;
			repositoryURL = "https://github.com/pointfreeco/swift-composable-architecture";
			requirement = {
				kind = exactVersion;
				version = 1.15.0;
			};
		};
/* End XCRemoteSwiftPackageReference section */

/* Begin XCSwiftPackageProductDependency section */
		8E44C9742CB2AC1D00E18A6A /* Kingfisher */ = {
			isa = XCSwiftPackageProductDependency;
			package = 8E44C9732CB2AC1D00E18A6A /* XCRemoteSwiftPackageReference "Kingfisher" */;
			productName = Kingfisher;
		};
		8EF7FD432CB2841400F68934 /* CombineMoya */ = {
			isa = XCSwiftPackageProductDependency;
			package = 8EF7FD422CB2841400F68934 /* XCRemoteSwiftPackageReference "Moya" */;
			productName = CombineMoya;
		};
		8EF7FD452CB2841400F68934 /* Moya */ = {
			isa = XCSwiftPackageProductDependency;
			package = 8EF7FD422CB2841400F68934 /* XCRemoteSwiftPackageReference "Moya" */;
			productName = Moya;
		};
		8EF7FD472CB2841400F68934 /* ReactiveMoya */ = {
			isa = XCSwiftPackageProductDependency;
			package = 8EF7FD422CB2841400F68934 /* XCRemoteSwiftPackageReference "Moya" */;
			productName = ReactiveMoya;
		};
		8EF7FD562CB2896000F68934 /* ComposableArchitecture */ = {
			isa = XCSwiftPackageProductDependency;
			package = 8EF7FD552CB2896000F68934 /* XCRemoteSwiftPackageReference "swift-composable-architecture" */;
			productName = ComposableArchitecture;
		};
/* End XCSwiftPackageProductDependency section */
	};
	rootObject = 8EAD45ED2C9E8A32008D521F /* Project object */;
}
